# THIS IS AN AUTOGENERATED FILE. DO NOT EDIT THIS FILE DIRECTLY.
# yarn lockfile v1


"@contentful/rich-text-html-renderer@^10.2.0":
  version "10.2.0"
  resolved "https://registry.yarnpkg.com/@contentful/rich-text-html-renderer/-/rich-text-html-renderer-10.2.0.tgz#0af4e6da440f817a7c3e6eabe367312e6011c54f"
  integrity sha512-MlT7iX8V1aFVJTy3r3QpTJwHuESZpOTIDWPlfLWasomNxDZXE8Gcen8lDuB7BmFp0Da94Ah7v32vOM8uexuLMg==
  dependencies:
    "@contentful/rich-text-types" "^10.2.0"

"@contentful/rich-text-types@^10.2.0":
  version "10.2.0"
  resolved "https://registry.yarnpkg.com/@contentful/rich-text-types/-/rich-text-types-10.2.0.tgz#19ae02777f7073394be380fb06c0e5f4f33a5da4"
  integrity sha512-VZJ5S7OthwLFsIhPHmHA5739ew6rWgMTnSfnH59AsS1VsWrfQR9QqpG0rnsCZi9Bg0o+Rqknl5zq2ON7mL14hQ==
